
Microsoft Visual Studio Solution File, Format Version 12.00
# Visual Studio 15
VisualStudioVersion = 15.0.26124.0
MinimumVisualStudioVersion = 15.0.26124.0
Project("{FAE04EC0-301F-11D3-BF4B-00C04F79EFBC}") = "PFSite", "PFSite\PFSite.csproj", "{2F36075C-408F-4356-8CFC-3F0B30D9B22C}"
EndProject
Global
	GlobalSection(SolutionConfigurationPlatforms) = preSolution
		Debug|Any CPU = Debug|Any CPU
		Debug|x64 = Debug|x64
		Debug|x86 = Debug|x86
		Release|Any CPU = Release|Any CPU
		Release|x64 = Release|x64
		Release|x86 = Release|x86
	EndGlobalSection
	GlobalSection(ProjectConfigurationPlatforms) = postSolution
		{2F36075C-408F-4356-8CFC-3F0B30D9B22C}.Debug|Any CPU.ActiveCfg = Debug|Any CPU
		{2F36075C-408F-4356-8CFC-3F0B30D9B22C}.Debug|Any CPU.Build.0 = Debug|Any CPU
		{2F36075C-408F-4356-8CFC-3F0B30D9B22C}.Debug|x64.ActiveCfg = Debug|Any CPU
		{2F36075C-408F-4356-8CFC-3F0B30D9B22C}.Debug|x64.Build.0 = Debug|Any CPU
		{2F36075C-408F-4356-8CFC-3F0B30D9B22C}.Debug|x86.ActiveCfg = Debug|Any CPU
		{2F36075C-408F-4356-8CFC-3F0B30D9B22C}.Debug|x86.Build.0 = Debug|Any CPU
		{2F36075C-408F-4356-8CFC-3F0B30D9B22C}.Release|Any CPU.ActiveCfg = Release|Any CPU
		{2F36075C-408F-4356-8CFC-3F0B30D9B22C}.Release|Any CPU.Build.0 = Release|Any CPU
		{2F36075C-408F-4356-8CFC-3F0B30D9B22C}.Release|x64.ActiveCfg = Release|Any CPU
		{2F36075C-408F-4356-8CFC-3F0B30D9B22C}.Release|x64.Build.0 = Release|Any CPU
		{2F36075C-408F-4356-8CFC-3F0B30D9B22C}.Release|x86.ActiveCfg = Release|Any CPU
		{2F36075C-408F-4356-8CFC-3F0B30D9B22C}.Release|x86.Build.0 = Release|Any CPU
	EndGlobalSection
	GlobalSection(SolutionProperties) = preSolution
		HideSolutionNode = FALSE
	EndGlobalSection
	GlobalSection(ExtensibilityGlobals) = postSolution
		SolutionGuid = {D358F8A0-65CE-44B8-8478-79E9BA12C548}
	EndGlobalSection
EndGlobal
